
Microsoft Visual Studio Solution File, Format Version 12.00
# Visual Studio 14
VisualStudioVersion = 14.0.25420.1
MinimumVisualStudioVersion = 10.0.40219.1
Project("{FAE04EC0-301F-11D3-BF4B-00C04F79EFBC}") = "RockMe.Droid", "RockMe\RockMe.Droid\RockMe.Droid.csproj", "{3954E6E4-9D09-4540-AFA4-8DF628A3A21C}"
EndProject
Project("{FAE04EC0-301F-11D3-BF4B-00C04F79EFBC}") = "RockMe.iOS", "RockMe\RockMe.iOS\RockMe.iOS.csproj", "{06EF4E79-55A1-4C3F-B84E-F965B746393D}"
EndProject
Project("{FAE04EC0-301F-11D3-BF4B-00C04F79EFBC}") = "RockMe.UWP", "RockMe\RockMe.UWP\RockMe.UWP.csproj", "{89096E31-E0A2-414C-9B0D-35A8C2093B19}"
EndProject
Project("{FAE04EC0-301F-11D3-BF4B-00C04F79EFBC}") = "RockMe", "RockMe\RockMe\RockMe.csproj", "{7A37E688-3742-4161-B781-3F29C0CB8DCE}"
EndProject
Global
	GlobalSection(SolutionConfigurationPlatforms) = preSolution
		Ad-Hoc|Any CPU = Ad-Hoc|Any CPU
		Ad-Hoc|ARM = Ad-Hoc|ARM
		Ad-Hoc|iPhone = Ad-Hoc|iPhone
		Ad-Hoc|iPhoneSimulator = Ad-Hoc|iPhoneSimulator
		Ad-Hoc|x64 = Ad-Hoc|x64
		Ad-Hoc|x86 = Ad-Hoc|x86
		AppStore|Any CPU = AppStore|Any CPU
		AppStore|ARM = AppStore|ARM
		AppStore|iPhone = AppStore|iPhone
		AppStore|iPhoneSimulator = AppStore|iPhoneSimulator
		AppStore|x64 = AppStore|x64
		AppStore|x86 = AppStore|x86
		Debug|Any CPU = Debug|Any CPU
		Debug|ARM = Debug|ARM
		Debug|iPhone = Debug|iPhone
		Debug|iPhoneSimulator = Debug|iPhoneSimulator
		Debug|x64 = Debug|x64
		Debug|x86 = Debug|x86
		Release|Any CPU = Release|Any CPU
		Release|ARM = Release|ARM
		Release|iPhone = Release|iPhone
		Release|iPhoneSimulator = Release|iPhoneSimulator
		Release|x64 = Release|x64
		Release|x86 = Release|x86
	EndGlobalSection
	GlobalSection(ProjectConfigurationPlatforms) = postSolution
		{3954E6E4-9D09-4540-AFA4-8DF628A3A21C}.Ad-Hoc|Any CPU.ActiveCfg = Release|Any CPU
		{3954E6E4-9D09-4540-AFA4-8DF628A3A21C}.Ad-Hoc|Any CPU.Build.0 = Release|Any CPU
		{3954E6E4-9D09-4540-AFA4-8DF628A3A21C}.Ad-Hoc|Any CPU.Deploy.0 = Release|Any CPU
		{3954E6E4-9D09-4540-AFA4-8DF628A3A21C}.Ad-Hoc|ARM.ActiveCfg = Release|Any CPU
		{3954E6E4-9D09-4540-AFA4-8DF628A3A21C}.Ad-Hoc|ARM.Build.0 = Release|Any CPU
		{3954E6E4-9D09-4540-AFA4-8DF628A3A21C}.Ad-Hoc|ARM.Deploy.0 = Release|Any CPU
		{3954E6E4-9D09-4540-AFA4-8DF628A3A21C}.Ad-Hoc|iPhone.ActiveCfg = Release|Any CPU
		{3954E6E4-9D09-4540-AFA4-8DF628A3A21C}.Ad-Hoc|iPhone.Build.0 = Release|Any CPU
		{3954E6E4-9D09-4540-AFA4-8DF628A3A21C}.Ad-Hoc|iPhone.Deploy.0 = Release|Any CPU
		{3954E6E4-9D09-4540-AFA4-8DF628A3A21C}.Ad-Hoc|iPhoneSimulator.ActiveCfg = Release|Any CPU
		{3954E6E4-9D09-4540-AFA4-8DF628A3A21C}.Ad-Hoc|iPhoneSimulator.Build.0 = Release|Any CPU
		{3954E6E4-9D09-4540-AFA4-8DF628A3A21C}.Ad-Hoc|iPhoneSimulator.Deploy.0 = Release|Any CPU
		{3954E6E4-9D09-4540-AFA4-8DF628A3A21C}.Ad-Hoc|x64.ActiveCfg = Release|Any CPU
		{3954E6E4-9D09-4540-AFA4-8DF628A3A21C}.Ad-Hoc|x64.Build.0 = Release|Any CPU
		{3954E6E4-9D09-4540-AFA4-8DF628A3A21C}.Ad-Hoc|x64.Deploy.0 = Release|Any CPU
		{3954E6E4-9D09-4540-AFA4-8DF628A3A21C}.Ad-Hoc|x86.ActiveCfg = Release|Any CPU
		{3954E6E4-9D09-4540-AFA4-8DF628A3A21C}.Ad-Hoc|x86.Build.0 = Release|Any CPU
		{3954E6E4-9D09-4540-AFA4-8DF628A3A21C}.Ad-Hoc|x86.Deploy.0 = Release|Any CPU
		{3954E6E4-9D09-4540-AFA4-8DF628A3A21C}.AppStore|Any CPU.ActiveCfg = Release|Any CPU
		{3954E6E4-9D09-4540-AFA4-8DF628A3A21C}.AppStore|Any CPU.Build.0 = Release|Any CPU
		{3954E6E4-9D09-4540-AFA4-8DF628A3A21C}.AppStore|Any CPU.Deploy.0 = Release|Any CPU
		{3954E6E4-9D09-4540-AFA4-8DF628A3A21C}.AppStore|ARM.ActiveCfg = Release|Any CPU
		{3954E6E4-9D09-4540-AFA4-8DF628A3A21C}.AppStore|ARM.Build.0 = Release|Any CPU
		{3954E6E4-9D09-4540-AFA4-8DF628A3A21C}.AppStore|ARM.Deploy.0 = Release|Any CPU
		{3954E6E4-9D09-4540-AFA4-8DF628A3A21C}.AppStore|iPhone.ActiveCfg = Release|Any CPU
		{3954E6E4-9D09-4540-AFA4-8DF628A3A21C}.AppStore|iPhone.Build.0 = Release|Any CPU
		{3954E6E4-9D09-4540-AFA4-8DF628A3A21C}.AppStore|iPhone.Deploy.0 = Release|Any CPU
		{3954E6E4-9D09-4540-AFA4-8DF628A3A21C}.AppStore|iPhoneSimulator.ActiveCfg = Release|Any CPU
		{3954E6E4-9D09-4540-AFA4-8DF628A3A21C}.AppStore|iPhoneSimulator.Build.0 = Release|Any CPU
		{3954E6E4-9D09-4540-AFA4-8DF628A3A21C}.AppStore|iPhoneSimulator.Deploy.0 = Release|Any CPU
		{3954E6E4-9D09-4540-AFA4-8DF628A3A21C}.AppStore|x64.ActiveCfg = Release|Any CPU
		{3954E6E4-9D09-4540-AFA4-8DF628A3A21C}.AppStore|x64.Build.0 = Release|Any CPU
		{3954E6E4-9D09-4540-AFA4-8DF628A3A21C}.AppStore|x64.Deploy.0 = Release|Any CPU
		{3954E6E4-9D09-4540-AFA4-8DF628A3A21C}.AppStore|x86.ActiveCfg = Release|Any CPU
		{3954E6E4-9D09-4540-AFA4-8DF628A3A21C}.AppStore|x86.Build.0 = Release|Any CPU
		{3954E6E4-9D09-4540-AFA4-8DF628A3A21C}.AppStore|x86.Deploy.0 = Release|Any CPU
		{3954E6E4-9D09-4540-AFA4-8DF628A3A21C}.Debug|Any CPU.ActiveCfg = Debug|Any CPU
		{3954E6E4-9D09-4540-AFA4-8DF628A3A21C}.Debug|Any CPU.Build.0 = Debug|Any CPU
		{3954E6E4-9D09-4540-AFA4-8DF628A3A21C}.Debug|Any CPU.Deploy.0 = Debug|Any CPU
		{3954E6E4-9D09-4540-AFA4-8DF628A3A21C}.Debug|ARM.ActiveCfg = Debug|Any CPU
		{3954E6E4-9D09-4540-AFA4-8DF628A3A21C}.Debug|ARM.Build.0 = Debug|Any CPU
		{3954E6E4-9D09-4540-AFA4-8DF628A3A21C}.Debug|ARM.Deploy.0 = Debug|Any CPU
		{3954E6E4-9D09-4540-AFA4-8DF628A3A21C}.Debug|iPhone.ActiveCfg = Debug|Any CPU
		{3954E6E4-9D09-4540-AFA4-8DF628A3A21C}.Debug|iPhone.Build.0 = Debug|Any CPU
		{3954E6E4-9D09-4540-AFA4-8DF628A3A21C}.Debug|iPhone.Deploy.0 = Debug|Any CPU
		{3954E6E4-9D09-4540-AFA4-8DF628A3A21C}.Debug|iPhoneSimulator.ActiveCfg = Debug|Any CPU
		{3954E6E4-9D09-4540-AFA4-8DF628A3A21C}.Debug|iPhoneSimulator.Build.0 = Debug|Any CPU
		{3954E6E4-9D09-4540-AFA4-8DF628A3A21C}.Debug|iPhoneSimulator.Deploy.0 = Debug|Any CPU
		{3954E6E4-9D09-4540-AFA4-8DF628A3A21C}.Debug|x64.ActiveCfg = Debug|Any CPU
		{3954E6E4-9D09-4540-AFA4-8DF628A3A21C}.Debug|x64.Build.0 = Debug|Any CPU
		{3954E6E4-9D09-4540-AFA4-8DF628A3A21C}.Debug|x64.Deploy.0 = Debug|Any CPU
		{3954E6E4-9D09-4540-AFA4-8DF628A3A21C}.Debug|x86.ActiveCfg = Debug|Any CPU
		{3954E6E4-9D09-4540-AFA4-8DF628A3A21C}.Debug|x86.Build.0 = Debug|Any CPU
		{3954E6E4-9D09-4540-AFA4-8DF628A3A21C}.Debug|x86.Deploy.0 = Debug|Any CPU
		{3954E6E4-9D09-4540-AFA4-8DF628A3A21C}.Release|Any CPU.ActiveCfg = Release|Any CPU
		{3954E6E4-9D09-4540-AFA4-8DF628A3A21C}.Release|Any CPU.Build.0 = Release|Any CPU
		{3954E6E4-9D09-4540-AFA4-8DF628A3A21C}.Release|Any CPU.Deploy.0 = Release|Any CPU
		{3954E6E4-9D09-4540-AFA4-8DF628A3A21C}.Release|ARM.ActiveCfg = Release|Any CPU
		{3954E6E4-9D09-4540-AFA4-8DF628A3A21C}.Release|ARM.Build.0 = Release|Any CPU
		{3954E6E4-9D09-4540-AFA4-8DF628A3A21C}.Release|ARM.Deploy.0 = Release|Any CPU
		{3954E6E4-9D09-4540-AFA4-8DF628A3A21C}.Release|iPhone.ActiveCfg = Release|Any CPU
		{3954E6E4-9D09-4540-AFA4-8DF628A3A21C}.Release|iPhone.Build.0 = Release|Any CPU
		{3954E6E4-9D09-4540-AFA4-8DF628A3A21C}.Release|iPhone.Deploy.0 = Release|Any CPU
		{3954E6E4-9D09-4540-AFA4-8DF628A3A21C}.Release|iPhoneSimulator.ActiveCfg = Release|Any CPU
		{3954E6E4-9D09-4540-AFA4-8DF628A3A21C}.Release|iPhoneSimulator.Build.0 = Release|Any CPU
		{3954E6E4-9D09-4540-AFA4-8DF628A3A21C}.Release|iPhoneSimulator.Deploy.0 = Release|Any CPU
		{3954E6E4-9D09-4540-AFA4-8DF628A3A21C}.Release|x64.ActiveCfg = Release|Any CPU
		{3954E6E4-9D09-4540-AFA4-8DF628A3A21C}.Release|x64.Build.0 = Release|Any CPU
		{3954E6E4-9D09-4540-AFA4-8DF628A3A21C}.Release|x64.Deploy.0 = Release|Any CPU
		{3954E6E4-9D09-4540-AFA4-8DF628A3A21C}.Release|x86.ActiveCfg = Release|Any CPU
		{3954E6E4-9D09-4540-AFA4-8DF628A3A21C}.Release|x86.Build.0 = Release|Any CPU
		{3954E6E4-9D09-4540-AFA4-8DF628A3A21C}.Release|x86.Deploy.0 = Release|Any CPU
		{06EF4E79-55A1-4C3F-B84E-F965B746393D}.Ad-Hoc|Any CPU.ActiveCfg = Ad-Hoc|iPhone
		{06EF4E79-55A1-4C3F-B84E-F965B746393D}.Ad-Hoc|ARM.ActiveCfg = Ad-Hoc|iPhone
		{06EF4E79-55A1-4C3F-B84E-F965B746393D}.Ad-Hoc|iPhone.ActiveCfg = Ad-Hoc|iPhone
		{06EF4E79-55A1-4C3F-B84E-F965B746393D}.Ad-Hoc|iPhone.Build.0 = Ad-Hoc|iPhone
		{06EF4E79-55A1-4C3F-B84E-F965B746393D}.Ad-Hoc|iPhoneSimulator.ActiveCfg = Ad-Hoc|iPhoneSimulator
		{06EF4E79-55A1-4C3F-B84E-F965B746393D}.Ad-Hoc|iPhoneSimulator.Build.0 = Ad-Hoc|iPhoneSimulator
		{06EF4E79-55A1-4C3F-B84E-F965B746393D}.Ad-Hoc|x64.ActiveCfg = Ad-Hoc|iPhone
		{06EF4E79-55A1-4C3F-B84E-F965B746393D}.Ad-Hoc|x86.ActiveCfg = Ad-Hoc|iPhone
		{06EF4E79-55A1-4C3F-B84E-F965B746393D}.AppStore|Any CPU.ActiveCfg = AppStore|iPhone
		{06EF4E79-55A1-4C3F-B84E-F965B746393D}.AppStore|ARM.ActiveCfg = AppStore|iPhone
		{06EF4E79-55A1-4C3F-B84E-F965B746393D}.AppStore|iPhone.ActiveCfg = AppStore|iPhone
		{06EF4E79-55A1-4C3F-B84E-F965B746393D}.AppStore|iPhone.Build.0 = AppStore|iPhone
		{06EF4E79-55A1-4C3F-B84E-F965B746393D}.AppStore|iPhoneSimulator.ActiveCfg = AppStore|iPhoneSimulator
		{06EF4E79-55A1-4C3F-B84E-F965B746393D}.AppStore|iPhoneSimulator.Build.0 = AppStore|iPhoneSimulator
		{06EF4E79-55A1-4C3F-B84E-F965B746393D}.AppStore|x64.ActiveCfg = AppStore|iPhone
		{06EF4E79-55A1-4C3F-B84E-F965B746393D}.AppStore|x86.ActiveCfg = AppStore|iPhone
		{06EF4E79-55A1-4C3F-B84E-F965B746393D}.Debug|Any CPU.ActiveCfg = Debug|iPhone
		{06EF4E79-55A1-4C3F-B84E-F965B746393D}.Debug|ARM.ActiveCfg = Debug|iPhone
		{06EF4E79-55A1-4C3F-B84E-F965B746393D}.Debug|iPhone.ActiveCfg = Debug|iPhone
		{06EF4E79-55A1-4C3F-B84E-F965B746393D}.Debug|iPhone.Build.0 = Debug|iPhone
		{06EF4E79-55A1-4C3F-B84E-F965B746393D}.Debug|iPhoneSimulator.ActiveCfg = Debug|iPhoneSimulator
		{06EF4E79-55A1-4C3F-B84E-F965B746393D}.Debug|iPhoneSimulator.Build.0 = Debug|iPhoneSimulator
		{06EF4E79-55A1-4C3F-B84E-F965B746393D}.Debug|x64.ActiveCfg = Debug|iPhone
		{06EF4E79-55A1-4C3F-B84E-F965B746393D}.Debug|x86.ActiveCfg = Debug|iPhone
		{06EF4E79-55A1-4C3F-B84E-F965B746393D}.Release|Any CPU.ActiveCfg = Release|iPhone
		{06EF4E79-55A1-4C3F-B84E-F965B746393D}.Release|ARM.ActiveCfg = Release|iPhone
		{06EF4E79-55A1-4C3F-B84E-F965B746393D}.Release|iPhone.ActiveCfg = Release|iPhone
		{06EF4E79-55A1-4C3F-B84E-F965B746393D}.Release|iPhone.Build.0 = Release|iPhone
		{06EF4E79-55A1-4C3F-B84E-F965B746393D}.Release|iPhoneSimulator.ActiveCfg = Release|iPhoneSimulator
		{06EF4E79-55A1-4C3F-B84E-F965B746393D}.Release|iPhoneSimulator.Build.0 = Release|iPhoneSimulator
		{06EF4E79-55A1-4C3F-B84E-F965B746393D}.Release|x64.ActiveCfg = Release|iPhone
		{06EF4E79-55A1-4C3F-B84E-F965B746393D}.Release|x86.ActiveCfg = Release|iPhone
		{89096E31-E0A2-414C-9B0D-35A8C2093B19}.Ad-Hoc|Any CPU.ActiveCfg = Release|x86
		{89096E31-E0A2-414C-9B0D-35A8C2093B19}.Ad-Hoc|Any CPU.Build.0 = Release|x86
		{89096E31-E0A2-414C-9B0D-35A8C2093B19}.Ad-Hoc|Any CPU.Deploy.0 = Release|x86
		{89096E31-E0A2-414C-9B0D-35A8C2093B19}.Ad-Hoc|ARM.ActiveCfg = Release|ARM
		{89096E31-E0A2-414C-9B0D-35A8C2093B19}.Ad-Hoc|ARM.Build.0 = Release|ARM
		{89096E31-E0A2-414C-9B0D-35A8C2093B19}.Ad-Hoc|ARM.Deploy.0 = Release|ARM
		{89096E31-E0A2-414C-9B0D-35A8C2093B19}.Ad-Hoc|iPhone.ActiveCfg = Release|x86
		{89096E31-E0A2-414C-9B0D-35A8C2093B19}.Ad-Hoc|iPhone.Build.0 = Release|x86
		{89096E31-E0A2-414C-9B0D-35A8C2093B19}.Ad-Hoc|iPhone.Deploy.0 = Release|x86
		{89096E31-E0A2-414C-9B0D-35A8C2093B19}.Ad-Hoc|iPhoneSimulator.ActiveCfg = Release|x86
		{89096E31-E0A2-414C-9B0D-35A8C2093B19}.Ad-Hoc|iPhoneSimulator.Build.0 = Release|x86
		{89096E31-E0A2-414C-9B0D-35A8C2093B19}.Ad-Hoc|iPhoneSimulator.Deploy.0 = Release|x86
		{89096E31-E0A2-414C-9B0D-35A8C2093B19}.Ad-Hoc|x64.ActiveCfg = Release|x64
		{89096E31-E0A2-414C-9B0D-35A8C2093B19}.Ad-Hoc|x64.Build.0 = Release|x64
		{89096E31-E0A2-414C-9B0D-35A8C2093B19}.Ad-Hoc|x64.Deploy.0 = Release|x64
		{89096E31-E0A2-414C-9B0D-35A8C2093B19}.Ad-Hoc|x86.ActiveCfg = Release|x86
		{89096E31-E0A2-414C-9B0D-35A8C2093B19}.Ad-Hoc|x86.Build.0 = Release|x86
		{89096E31-E0A2-414C-9B0D-35A8C2093B19}.Ad-Hoc|x86.Deploy.0 = Release|x86
		{89096E31-E0A2-414C-9B0D-35A8C2093B19}.AppStore|Any CPU.ActiveCfg = Release|x86
		{89096E31-E0A2-414C-9B0D-35A8C2093B19}.AppStore|Any CPU.Build.0 = Release|x86
		{89096E31-E0A2-414C-9B0D-35A8C2093B19}.AppStore|Any CPU.Deploy.0 = Release|x86
		{89096E31-E0A2-414C-9B0D-35A8C2093B19}.AppStore|ARM.ActiveCfg = Release|ARM
		{89096E31-E0A2-414C-9B0D-35A8C2093B19}.AppStore|ARM.Build.0 = Release|ARM
		{89096E31-E0A2-414C-9B0D-35A8C2093B19}.AppStore|ARM.Deploy.0 = Release|ARM
		{89096E31-E0A2-414C-9B0D-35A8C2093B19}.AppStore|iPhone.ActiveCfg = Release|x86
		{89096E31-E0A2-414C-9B0D-35A8C2093B19}.AppStore|iPhone.Build.0 = Release|x86
		{89096E31-E0A2-414C-9B0D-35A8C2093B19}.AppStore|iPhone.Deploy.0 = Release|x86
		{89096E31-E0A2-414C-9B0D-35A8C2093B19}.AppStore|iPhoneSimulator.ActiveCfg = Release|x86
		{89096E31-E0A2-414C-9B0D-35A8C2093B19}.AppStore|iPhoneSimulator.Build.0 = Release|x86
		{89096E31-E0A2-414C-9B0D-35A8C2093B19}.AppStore|iPhoneSimulator.Deploy.0 = Release|x86
		{89096E31-E0A2-414C-9B0D-35A8C2093B19}.AppStore|x64.ActiveCfg = Release|x64
		{89096E31-E0A2-414C-9B0D-35A8C2093B19}.AppStore|x64.Build.0 = Release|x64
		{89096E31-E0A2-414C-9B0D-35A8C2093B19}.AppStore|x64.Deploy.0 = Release|x64
		{89096E31-E0A2-414C-9B0D-35A8C2093B19}.AppStore|x86.ActiveCfg = Release|x86
		{89096E31-E0A2-414C-9B0D-35A8C2093B19}.AppStore|x86.Build.0 = Release|x86
		{89096E31-E0A2-414C-9B0D-35A8C2093B19}.AppStore|x86.Deploy.0 = Release|x86
		{89096E31-E0A2-414C-9B0D-35A8C2093B19}.Debug|Any CPU.ActiveCfg = Debug|x86
		{89096E31-E0A2-414C-9B0D-35A8C2093B19}.Debug|ARM.ActiveCfg = Debug|ARM
		{89096E31-E0A2-414C-9B0D-35A8C2093B19}.Debug|ARM.Build.0 = Debug|ARM
		{89096E31-E0A2-414C-9B0D-35A8C2093B19}.Debug|ARM.Deploy.0 = Debug|ARM
		{89096E31-E0A2-414C-9B0D-35A8C2093B19}.Debug|iPhone.ActiveCfg = Debug|x86
		{89096E31-E0A2-414C-9B0D-35A8C2093B19}.Debug|iPhoneSimulator.ActiveCfg = Debug|x86
		{89096E31-E0A2-414C-9B0D-35A8C2093B19}.Debug|x64.ActiveCfg = Debug|x64
		{89096E31-E0A2-414C-9B0D-35A8C2093B19}.Debug|x64.Build.0 = Debug|x64
		{89096E31-E0A2-414C-9B0D-35A8C2093B19}.Debug|x64.Deploy.0 = Debug|x64
		{89096E31-E0A2-414C-9B0D-35A8C2093B19}.Debug|x86.ActiveCfg = Debug|x86
		{89096E31-E0A2-414C-9B0D-35A8C2093B19}.Debug|x86.Build.0 = Debug|x86
		{89096E31-E0A2-414C-9B0D-35A8C2093B19}.Debug|x86.Deploy.0 = Debug|x86
		{89096E31-E0A2-414C-9B0D-35A8C2093B19}.Release|Any CPU.ActiveCfg = Release|x86
		{89096E31-E0A2-414C-9B0D-35A8C2093B19}.Release|ARM.ActiveCfg = Release|ARM
		{89096E31-E0A2-414C-9B0D-35A8C2093B19}.Release|ARM.Build.0 = Release|ARM
		{89096E31-E0A2-414C-9B0D-35A8C2093B19}.Release|ARM.Deploy.0 = Release|ARM
		{89096E31-E0A2-414C-9B0D-35A8C2093B19}.Release|iPhone.ActiveCfg = Release|x86
		{89096E31-E0A2-414C-9B0D-35A8C2093B19}.Release|iPhoneSimulator.ActiveCfg = Release|x86
		{89096E31-E0A2-414C-9B0D-35A8C2093B19}.Release|x64.ActiveCfg = Release|x64
		{89096E31-E0A2-414C-9B0D-35A8C2093B19}.Release|x64.Build.0 = Release|x64
		{89096E31-E0A2-414C-9B0D-35A8C2093B19}.Release|x64.Deploy.0 = Release|x64
		{89096E31-E0A2-414C-9B0D-35A8C2093B19}.Release|x86.ActiveCfg = Release|x86
		{89096E31-E0A2-414C-9B0D-35A8C2093B19}.Release|x86.Build.0 = Release|x86
		{89096E31-E0A2-414C-9B0D-35A8C2093B19}.Release|x86.Deploy.0 = Release|x86
		{7A37E688-3742-4161-B781-3F29C0CB8DCE}.Ad-Hoc|Any CPU.ActiveCfg = Release|Any CPU
		{7A37E688-3742-4161-B781-3F29C0CB8DCE}.Ad-Hoc|Any CPU.Build.0 = Release|Any CPU
		{7A37E688-3742-4161-B781-3F29C0CB8DCE}.Ad-Hoc|ARM.ActiveCfg = Release|Any CPU
		{7A37E688-3742-4161-B781-3F29C0CB8DCE}.Ad-Hoc|ARM.Build.0 = Release|Any CPU
		{7A37E688-3742-4161-B781-3F29C0CB8DCE}.Ad-Hoc|iPhone.ActiveCfg = Release|Any CPU
		{7A37E688-3742-4161-B781-3F29C0CB8DCE}.Ad-Hoc|iPhone.Build.0 = Release|Any CPU
		{7A37E688-3742-4161-B781-3F29C0CB8DCE}.Ad-Hoc|iPhoneSimulator.ActiveCfg = Release|Any CPU
		{7A37E688-3742-4161-B781-3F29C0CB8DCE}.Ad-Hoc|iPhoneSimulator.Build.0 = Release|Any CPU
		{7A37E688-3742-4161-B781-3F29C0CB8DCE}.Ad-Hoc|x64.ActiveCfg = Release|Any CPU
		{7A37E688-3742-4161-B781-3F29C0CB8DCE}.Ad-Hoc|x64.Build.0 = Release|Any CPU
		{7A37E688-3742-4161-B781-3F29C0CB8DCE}.Ad-Hoc|x86.ActiveCfg = Release|Any CPU
		{7A37E688-3742-4161-B781-3F29C0CB8DCE}.Ad-Hoc|x86.Build.0 = Release|Any CPU
		{7A37E688-3742-4161-B781-3F29C0CB8DCE}.AppStore|Any CPU.ActiveCfg = Release|Any CPU
		{7A37E688-3742-4161-B781-3F29C0CB8DCE}.AppStore|Any CPU.Build.0 = Release|Any CPU
		{7A37E688-3742-4161-B781-3F29C0CB8DCE}.AppStore|ARM.ActiveCfg = Release|Any CPU
		{7A37E688-3742-4161-B781-3F29C0CB8DCE}.AppStore|ARM.Build.0 = Release|Any CPU
		{7A37E688-3742-4161-B781-3F29C0CB8DCE}.AppStore|iPhone.ActiveCfg = Release|Any CPU
		{7A37E688-3742-4161-B781-3F29C0CB8DCE}.AppStore|iPhone.Build.0 = Release|Any CPU
		{7A37E688-3742-4161-B781-3F29C0CB8DCE}.AppStore|iPhoneSimulator.ActiveCfg = Release|Any CPU
		{7A37E688-3742-4161-B781-3F29C0CB8DCE}.AppStore|iPhoneSimulator.Build.0 = Release|Any CPU
		{7A37E688-3742-4161-B781-3F29C0CB8DCE}.AppStore|x64.ActiveCfg = Release|Any CPU
		{7A37E688-3742-4161-B781-3F29C0CB8DCE}.AppStore|x64.Build.0 = Release|Any CPU
		{7A37E688-3742-4161-B781-3F29C0CB8DCE}.AppStore|x86.ActiveCfg = Release|Any CPU
		{7A37E688-3742-4161-B781-3F29C0CB8DCE}.AppStore|x86.Build.0 = Release|Any CPU
		{7A37E688-3742-4161-B781-3F29C0CB8DCE}.Debug|Any CPU.ActiveCfg = Debug|Any CPU
		{7A37E688-3742-4161-B781-3F29C0CB8DCE}.Debug|Any CPU.Build.0 = Debug|Any CPU
		{7A37E688-3742-4161-B781-3F29C0CB8DCE}.Debug|ARM.ActiveCfg = Debug|Any CPU
		{7A37E688-3742-4161-B781-3F29C0CB8DCE}.Debug|ARM.Build.0 = Debug|Any CPU
		{7A37E688-3742-4161-B781-3F29C0CB8DCE}.Debug|iPhone.ActiveCfg = Debug|Any CPU
		{7A37E688-3742-4161-B781-3F29C0CB8DCE}.Debug|iPhone.Build.0 = Debug|Any CPU
		{7A37E688-3742-4161-B781-3F29C0CB8DCE}.Debug|iPhoneSimulator.ActiveCfg = Debug|Any CPU
		{7A37E688-3742-4161-B781-3F29C0CB8DCE}.Debug|iPhoneSimulator.Build.0 = Debug|Any CPU
		{7A37E688-3742-4161-B781-3F29C0CB8DCE}.Debug|x64.ActiveCfg = Debug|Any CPU
		{7A37E688-3742-4161-B781-3F29C0CB8DCE}.Debug|x64.Build.0 = Debug|Any CPU
		{7A37E688-3742-4161-B781-3F29C0CB8DCE}.Debug|x86.ActiveCfg = Debug|Any CPU
		{7A37E688-3742-4161-B781-3F29C0CB8DCE}.Debug|x86.Build.0 = Debug|Any CPU
		{7A37E688-3742-4161-B781-3F29C0CB8DCE}.Release|Any CPU.ActiveCfg = Release|Any CPU
		{7A37E688-3742-4161-B781-3F29C0CB8DCE}.Release|Any CPU.Build.0 = Release|Any CPU
		{7A37E688-3742-4161-B781-3F29C0CB8DCE}.Release|ARM.ActiveCfg = Release|Any CPU
		{7A37E688-3742-4161-B781-3F29C0CB8DCE}.Release|ARM.Build.0 = Release|Any CPU
		{7A37E688-3742-4161-B781-3F29C0CB8DCE}.Release|iPhone.ActiveCfg = Release|Any CPU
		{7A37E688-3742-4161-B781-3F29C0CB8DCE}.Release|iPhone.Build.0 = Release|Any CPU
		{7A37E688-3742-4161-B781-3F29C0CB8DCE}.Release|iPhoneSimulator.ActiveCfg = Release|Any CPU
		{7A37E688-3742-4161-B781-3F29C0CB8DCE}.Release|iPhoneSimulator.Build.0 = Release|Any CPU
		{7A37E688-3742-4161-B781-3F29C0CB8DCE}.Release|x64.ActiveCfg = Release|Any CPU
		{7A37E688-3742-4161-B781-3F29C0CB8DCE}.Release|x64.Build.0 = Release|Any CPU
		{7A37E688-3742-4161-B781-3F29C0CB8DCE}.Release|x86.ActiveCfg = Release|Any CPU
		{7A37E688-3742-4161-B781-3F29C0CB8DCE}.Release|x86.Build.0 = Release|Any CPU
	EndGlobalSection
	GlobalSection(SolutionProperties) = preSolution
		HideSolutionNode = FALSE
	EndGlobalSection
EndGlobal
